
Microsoft Visual Studio Solution File, Format Version 12.00
# Visual Studio 15
VisualStudioVersion = 15.0.28307.645
MinimumVisualStudioVersion = 10.0.40219.1
Project("{FAE04EC0-301F-11D3-BF4B-00C04F79EFBC}") = "Dwscdv3.CustomMap2D", "Dwscdv3.CustomMap2D\Dwscdv3.CustomMap2D.csproj", "{C8F90770-73C2-4438-85A9-66ABFE7D63E9}"
EndProject
Global
	GlobalSection(SolutionConfigurationPlatforms) = preSolution
		Debug|Any CPU = Debug|Any CPU
		Release|Any CPU = Release|Any CPU
	EndGlobalSection
	GlobalSection(ProjectConfigurationPlatforms) = postSolution
		{C8F90770-73C2-4438-85A9-66ABFE7D63E9}.Debug|Any CPU.ActiveCfg = Debug|Any CPU
		{C8F90770-73C2-4438-85A9-66ABFE7D63E9}.Debug|Any CPU.Build.0 = Debug|Any CPU
		{C8F90770-73C2-4438-85A9-66ABFE7D63E9}.Release|Any CPU.ActiveCfg = Release|Any CPU
		{C8F90770-73C2-4438-85A9-66ABFE7D63E9}.Release|Any CPU.Build.0 = Release|Any CPU
	EndGlobalSection
	GlobalSection(SolutionProperties) = preSolution
		HideSolutionNode = FALSE
	EndGlobalSection
	GlobalSection(ExtensibilityGlobals) = postSolution
		SolutionGuid = {6A62397B-42BE-455F-878D-3424109EE5F1}
	EndGlobalSection
EndGlobal
